<?xml version="1.0" encoding="utf-8"?>
<Project ToolsVersion="4.0" xmlns="http://schemas.microsoft.com/developer/msbuild/2003">
  <ItemGroup>
    <ClCompile Include="main.cpp">
      <Filter>Source Files</Filter>
    </ClCompile>
  </ItemGroup>
  <ItemGroup>
    <ClInclude Include="..\openvcamlib\openvcamlib.h">
      <Filter>Header Files</Filter>
    </ClInclude>
    <ClInclude Include="..\openvcamlib\platform_defs.h">
      <Filter>Header Files</Filter>
    </ClInclude>
  </ItemGroup>
  <ItemGroup>
    <Filter Include="Header Files">
      <UniqueIdentifier>{6b4e215a-722f-4abd-8f70-9c10b90e1ee5}</UniqueIdentifier>
    </Filter>
    <Filter Include="Source Files">
      <UniqueIdentifier>{bcc1ff52-1e41-460e-bd65-f46c3c8fbe05}</UniqueIdentifier>
    </Filter>
  </ItemGroup>
</Project>