<?xml version="1.0" encoding="utf-8"?>
<Project ToolsVersion="4.0" xmlns="http://schemas.microsoft.com/developer/msbuild/2003">
  <ItemGroup>
    <Filter Include="Source Files">
      <UniqueIdentifier>{4FC737F1-C7A5-4376-A066-2A32D752A2FF}</UniqueIdentifier>
      <Extensions>cpp;c;cc;cxx;c++;cppm;ixx;def;odl;idl;hpj;bat;asm;asmx</Extensions>
    </Filter>
    <Filter Include="Header Files">
      <UniqueIdentifier>{93995380-89BD-4b04-88EB-625FBE52EBFB}</UniqueIdentifier>
      <Extensions>h;hh;hpp;hxx;h++;hm;inl;inc;ipp;xsd</Extensions>
    </Filter>
    <Filter Include="Resource Files">
      <UniqueIdentifier>{67DA6AB6-F800-4c08-8B7A-83BB121AAD01}</UniqueIdentifier>
      <Extensions>rc;ico;cur;bmp;dlg;rc2;rct;bin;rgs;gif;jpg;jpeg;jpe;resx;tiff;tif;png;wav;mfcribbon-ms</Extensions>
    </Filter>
  </ItemGroup>
  <ItemGroup>
    <ClInclude Include="auto_camera.h">
      <Filter>Header Files</Filter>
    </ClInclude>
    <ClInclude Include="db.h">
      <Filter>Header Files</Filter>
    </ClInclude>
    <ClInclude Include="meta_data_creator.h">
      <Filter>Header Files</Filter>
    </ClInclude>
    <ClInclude Include="motion_tracker.h">
      <Filter>Header Files</Filter>
    </ClInclude>
    <ClInclude Include="object_detection.h">
      <Filter>Header Files</Filter>
    </ClInclude>
    <ClInclude Include="output_video_creator.h">
      <Filter>Header Files</Filter>
    </ClInclude>
    <ClInclude Include="utils.h">
      <Filter>Header Files</Filter>
    </ClInclude>
    <ClInclude Include="libmain.h">
      <Filter>Header Files</Filter>
    </ClInclude>
    <ClInclude Include="..\..\binaries\sqlite\3.34.0\sqlite3.h">
      <Filter>Header Files</Filter>
    </ClInclude>
    <ClInclude Include="openvcamlib.h">
      <Filter>Header Files</Filter>
    </ClInclude>
    <ClInclude Include="worker_thread.h">
      <Filter>Header Files</Filter>
    </ClInclude>
    <ClInclude Include="vmd.h">
      <Filter>Header Files</Filter>
    </ClInclude>
    <ClInclude Include="base64.h">
      <Filter>Header Files</Filter>
    </ClInclude>
    <ClInclude Include="platform_defs.h">
      <Filter>Header Files</Filter>
    </ClInclude>
    <ClInclude Include="geometry.h">
      <Filter>Header Files</Filter>
    </ClInclude>
  </ItemGroup>
  <ItemGroup>
    <ClCompile Include="db.cpp">
      <Filter>Source Files</Filter>
    </ClCompile>
    <ClCompile Include="meta_data_creator.cpp">
      <Filter>Source Files</Filter>
    </ClCompile>
    <ClCompile Include="motion_tracker.cpp">
      <Filter>Source Files</Filter>
    </ClCompile>
    <ClCompile Include="object_detection.cpp">
      <Filter>Source Files</Filter>
    </ClCompile>
    <ClCompile Include="output_video_creator.cpp">
      <Filter>Source Files</Filter>
    </ClCompile>
    <ClCompile Include="libmain.cpp">
      <Filter>Source Files</Filter>
    </ClCompile>
    <ClCompile Include="worker_thread.cpp">
      <Filter>Source Files</Filter>
    </ClCompile>
    <ClCompile Include="utils.cpp">
      <Filter>Source Files</Filter>
    </ClCompile>
    <ClCompile Include="base64.cpp">
      <Filter>Source Files</Filter>
    </ClCompile>
  </ItemGroup>
</Project>