<?xml version="1.0" encoding="utf-8"?>
<Project ToolsVersion="4.0" xmlns="http://schemas.microsoft.com/developer/msbuild/2003">
  <ItemGroup>
    <ClCompile Include="..\openvcamlib\base64.cpp">
      <Filter>Source Files</Filter>
    </ClCompile>
    <ClCompile Include="..\openvcamlib\db.cpp">
      <Filter>Source Files</Filter>
    </ClCompile>
    <ClCompile Include="..\openvcamlib\libmain.cpp">
      <Filter>Source Files</Filter>
    </ClCompile>
    <ClCompile Include="main.cpp">
      <Filter>Source Files</Filter>
    </ClCompile>
    <ClCompile Include="..\openvcamlib\meta_data_creator.cpp">
      <Filter>Source Files</Filter>
    </ClCompile>
    <ClCompile Include="..\openvcamlib\object_detection.cpp">
      <Filter>Source Files</Filter>
    </ClCompile>
    <ClCompile Include="..\openvcamlib\output_video_creator.cpp">
      <Filter>Source Files</Filter>
    </ClCompile>
    <ClCompile Include="sqlite3.c">
      <Filter>Source Files</Filter>
    </ClCompile>
    <ClCompile Include="..\openvcamlib\utils.cpp">
      <Filter>Source Files</Filter>
    </ClCompile>
    <ClCompile Include="..\openvcamlib\worker_thread.cpp">
      <Filter>Source Files</Filter>
    </ClCompile>
    <ClCompile Include="..\openvcamlib\motion_tracker.cpp">
      <Filter>Source Files</Filter>
    </ClCompile>
  </ItemGroup>
  <ItemGroup>
    <ClInclude Include="..\openvcamlib\auto_camera.h">
      <Filter>Header Files</Filter>
    </ClInclude>
    <ClInclude Include="..\openvcamlib\base64.h">
      <Filter>Header Files</Filter>
    </ClInclude>
    <ClInclude Include="..\openvcamlib\db.h">
      <Filter>Header Files</Filter>
    </ClInclude>
    <ClInclude Include="..\openvcamlib\libmain.h">
      <Filter>Header Files</Filter>
    </ClInclude>
    <ClInclude Include="..\openvcamlib\meta_data_creator.h">
      <Filter>Header Files</Filter>
    </ClInclude>
    <ClInclude Include="..\openvcamlib\object_detection.h">
      <Filter>Header Files</Filter>
    </ClInclude>
    <ClInclude Include="..\openvcamlib\openvcamlib.h">
      <Filter>Header Files</Filter>
    </ClInclude>
    <ClInclude Include="..\openvcamlib\output_video_creator.h">
      <Filter>Header Files</Filter>
    </ClInclude>
    <ClInclude Include="sqlite3.h">
      <Filter>Header Files</Filter>
    </ClInclude>
    <ClInclude Include="..\openvcamlib\utils.h">
      <Filter>Header Files</Filter>
    </ClInclude>
    <ClInclude Include="..\openvcamlib\vmd.h">
      <Filter>Header Files</Filter>
    </ClInclude>
    <ClInclude Include="..\openvcamlib\worker_thread.h">
      <Filter>Source Files</Filter>
    </ClInclude>
    <ClInclude Include="..\openvcamlib\platform_defs.h">
      <Filter>Header Files</Filter>
    </ClInclude>
    <ClInclude Include="..\openvcamlib\motion_tracker.h">
      <Filter>Header Files</Filter>
    </ClInclude>
    <ClInclude Include="..\openvcamlib\geometry.h">
      <Filter>Header Files</Filter>
    </ClInclude>
  </ItemGroup>
  <ItemGroup>
    <Filter Include="Header Files">
      <UniqueIdentifier>{6b4e215a-722f-4abd-8f70-9c10b90e1ee5}</UniqueIdentifier>
    </Filter>
    <Filter Include="Source Files">
      <UniqueIdentifier>{bcc1ff52-1e41-460e-bd65-f46c3c8fbe05}</UniqueIdentifier>
    </Filter>
  </ItemGroup>
</Project>